
Microsoft Visual Studio Solution File, Format Version 12.00
# Visual Studio Version 17
VisualStudioVersion = 17.8.34511.84
MinimumVisualStudioVersion = 10.0.40219.1
Project("{8BC9CEB8-8B4A-11D0-8D11-00A0C91BC942}") = "Zorp", "Zorp\Zorp.vcxproj", "{95A59EC3-152A-4F14-A2A0-4E9C7E391247}"
EndProject
Global
	GlobalSection(SolutionConfigurationPlatforms) = preSolution
		Debug|x64 = Debug|x64
		Debug|x86 = Debug|x86
		Release|x64 = Release|x64
		Release|x86 = Release|x86
	EndGlobalSection
	GlobalSection(ProjectConfigurationPlatforms) = postSolution
		{95A59EC3-152A-4F14-A2A0-4E9C7E391247}.Debug|x64.ActiveCfg = Debug|x64
		{95A59EC3-152A-4F14-A2A0-4E9C7E391247}.Debug|x64.Build.0 = Debug|x64
		{95A59EC3-152A-4F14-A2A0-4E9C7E391247}.Debug|x86.ActiveCfg = Debug|Win32
		{95A59EC3-152A-4F14-A2A0-4E9C7E391247}.Debug|x86.Build.0 = Debug|Win32
		{95A59EC3-152A-4F14-A2A0-4E9C7E391247}.Release|x64.ActiveCfg = Release|x64
		{95A59EC3-152A-4F14-A2A0-4E9C7E391247}.Release|x64.Build.0 = Release|x64
		{95A59EC3-152A-4F14-A2A0-4E9C7E391247}.Release|x86.ActiveCfg = Release|Win32
		{95A59EC3-152A-4F14-A2A0-4E9C7E391247}.Release|x86.Build.0 = Release|Win32
	EndGlobalSection
	GlobalSection(SolutionProperties) = preSolution
		HideSolutionNode = FALSE
	EndGlobalSection
	GlobalSection(ExtensibilityGlobals) = postSolution
		SolutionGuid = {9FA20AB0-51B7-4CE9-91E9-B820BDCAA907}
	EndGlobalSection
EndGlobal
